# THIS IS AN AUTOGENERATED FILE. DO NOT EDIT THIS FILE DIRECTLY.
# yarn lockfile v1


"@types/node@^10.1.2":
  version "10.3.0"
  resolved "https://registry.yarnpkg.com/@types/node/-/node-10.3.0.tgz#078516315a84d56216b5d4fed8f75d59d3b16cac"

debug@^3.0.0:
  version "3.1.0"
  resolved "https://registry.yarnpkg.com/debug/-/debug-3.1.0.tgz#5bb5a0672628b64149566ba16819e61518c67261"
  dependencies:
    ms "2.0.0"

dotenv@^6.0.0:
  version "6.0.0"
  resolved "https://registry.yarnpkg.com/dotenv/-/dotenv-6.0.0.tgz#24e37c041741c5f4b25324958ebbc34bca965935"

ms@2.0.0:
  version "2.0.0"
  resolved "https://registry.yarnpkg.com/ms/-/ms-2.0.0.tgz#5608aeadfc00be6c2901df5f9861788de0d597c8"

node-fetch@^2.0.0:
  version "2.1.2"
  resolved "https://registry.yarnpkg.com/node-fetch/-/node-fetch-2.1.2.tgz#ab884e8e7e57e38a944753cec706f788d1768bb5"

sandwich-stream@^1.0.0:
  version "1.0.0"
  resolved "https://registry.yarnpkg.com/sandwich-stream/-/sandwich-stream-1.0.0.tgz#7830e45797b5933287f1f9b28f871907456262f2"

telegraf@^3.21.2:
  version "3.21.2"
  resolved "https://registry.yarnpkg.com/telegraf/-/telegraf-3.21.2.tgz#192a79e8990297377bf2bf03085cb4d00a20d9a8"
  dependencies:
    "@types/node" "^10.1.2"
    debug "^3.0.0"
    node-fetch "^2.0.0"
    sandwich-stream "^1.0.0"
    telegram-typings "^3.6.0"
    typescript "^2.8.3"

telegram-typings@^3.6.0:
  version "3.6.1"
  resolved "https://registry.yarnpkg.com/telegram-typings/-/telegram-typings-3.6.1.tgz#1288d547f8694b61f1c01c2993e295f3114d9e25"

typescript@^2.8.3:
  version "2.9.1"
  resolved "https://registry.yarnpkg.com/typescript/-/typescript-2.9.1.tgz#fdb19d2c67a15d11995fd15640e373e09ab09961"
